{
  "name": "testnpm",
  "lockfileVersion": 2,
  "requires": true,
  "packages": {
    "": {
      "dependencies": {
        "goo-test": "^1.0.0"
      }
    },
    "node_modules/goo-test": {
      "version": "1.0.1",
      "resolved": "https://registry.npmjs.org/goo-test/-/goo-test-1.0.1.tgz",
      "integrity": "sha512-stL2hvNR7dmK2o8X+/K9kdhtPwMVdK/V/iGVxfEjUpTFmPl4TD9LJV1AqMbuUUcsR+ZOoKChYKF+MiTninhyPA=="
    }
  },
  "dependencies": {
    "goo-test": {
      "version": "1.0.1",
      "resolved": "https://registry.npmjs.org/goo-test/-/goo-test-1.0.1.tgz",
      "integrity": "sha512-stL2hvNR7dmK2o8X+/K9kdhtPwMVdK/V/iGVxfEjUpTFmPl4TD9LJV1AqMbuUUcsR+ZOoKChYKF+MiTninhyPA=="
    }
  }
}
